
Microsoft Visual Studio Solution File, Format Version 12.00
# Visual Studio Version 17
VisualStudioVersion = 17.3.32819.101
MinimumVisualStudioVersion = 10.0.40219.1
Project("{FAE04EC0-301F-11D3-BF4B-00C04F79EFBC}") = "OrderUpConsole", "OrderUpConsole.csproj", "{64EB0A05-8FDF-4933-80D6-102A4CC90E07}"
EndProject
Project("{FAE04EC0-301F-11D3-BF4B-00C04F79EFBC}") = "LineItemLibrary", "..\LineItemLibrary\LineItemLibrary.csproj", "{AF6B649D-B5C7-4ABD-846D-258F2DF3C6C6}"
EndProject
Global
	GlobalSection(SolutionConfigurationPlatforms) = preSolution
		Debug|Any CPU = Debug|Any CPU
		Release|Any CPU = Release|Any CPU
	EndGlobalSection
	GlobalSection(ProjectConfigurationPlatforms) = postSolution
		{64EB0A05-8FDF-4933-80D6-102A4CC90E07}.Debug|Any CPU.ActiveCfg = Debug|Any CPU
		{64EB0A05-8FDF-4933-80D6-102A4CC90E07}.Debug|Any CPU.Build.0 = Debug|Any CPU
		{64EB0A05-8FDF-4933-80D6-102A4CC90E07}.Release|Any CPU.ActiveCfg = Release|Any CPU
		{64EB0A05-8FDF-4933-80D6-102A4CC90E07}.Release|Any CPU.Build.0 = Release|Any CPU
		{AF6B649D-B5C7-4ABD-846D-258F2DF3C6C6}.Debug|Any CPU.ActiveCfg = Debug|Any CPU
		{AF6B649D-B5C7-4ABD-846D-258F2DF3C6C6}.Debug|Any CPU.Build.0 = Debug|Any CPU
		{AF6B649D-B5C7-4ABD-846D-258F2DF3C6C6}.Release|Any CPU.ActiveCfg = Release|Any CPU
		{AF6B649D-B5C7-4ABD-846D-258F2DF3C6C6}.Release|Any CPU.Build.0 = Release|Any CPU
	EndGlobalSection
	GlobalSection(SolutionProperties) = preSolution
		HideSolutionNode = FALSE
	EndGlobalSection
	GlobalSection(ExtensibilityGlobals) = postSolution
		SolutionGuid = {786115DC-C17D-432C-8011-D4C58A2C8772}
	EndGlobalSection
EndGlobal
